// !$*UTF8*$!
{
	archiveVersion = 1;
	classes = {
	};
	objectVersion = 56;
	objects = {

/* Begin PBXBuildFile section */
		24397BC72C2B52A400D1F81F /* NetRunner in Frameworks */ = {isa = PBXBuildFile; productRef = 24397BC62C2B52A400D1F81F /* NetRunner */; };
		243E7D1B2C22278000A68A9C /* FynoTestApp.swift in Sources */ = {isa = PBXBuildFile; fileRef = 243E7D1A2C22278000A68A9C /* FynoTestApp.swift */; };
		243E7D1D2C22278000A68A9C /* ContentView.swift in Sources */ = {isa = PBXBuildFile; fileRef = 243E7D1C2C22278000A68A9C /* ContentView.swift */; };
		243E7D1F2C22278100A68A9C /* Assets.xcassets in Resources */ = {isa = PBXBuildFile; fileRef = 243E7D1E2C22278100A68A9C /* Assets.xcassets */; };
		243E7D222C22278100A68A9C /* Preview Assets.xcassets in Resources */ = {isa = PBXBuildFile; fileRef = 243E7D212C22278100A68A9C /* Preview Assets.xcassets */; };
		243E7D292C222F9000A68A9C /* SheetView.swift in Sources */ = {isa = PBXBuildFile; fileRef = 243E7D282C222F9000A68A9C /* SheetView.swift */; };
		243E7D2B2C2232AA00A68A9C /* ContentModel.swift in Sources */ = {isa = PBXBuildFile; fileRef = 243E7D2A2C2232AA00A68A9C /* ContentModel.swift */; };
		247F7AFA2C247B9700ABED68 /* BubbleAnnotationView.swift in Sources */ = {isa = PBXBuildFile; fileRef = 247F7AF92C247B9700ABED68 /* BubbleAnnotationView.swift */; };
		249201E92C285CB4000A289D /* SheetView+UserProfile.swift in Sources */ = {isa = PBXBuildFile; fileRef = 249201E82C285CB4000A289D /* SheetView+UserProfile.swift */; };
		249201EB2C285D40000A289D /* SheetView+Statistics.swift in Sources */ = {isa = PBXBuildFile; fileRef = 249201EA2C285D40000A289D /* SheetView+Statistics.swift */; };
		249201ED2C293B49000A289D /* SheetView+List.swift in Sources */ = {isa = PBXBuildFile; fileRef = 249201EC2C293B49000A289D /* SheetView+List.swift */; };
		24A34EB32C25357C007598B1 /* data.json in Resources */ = {isa = PBXBuildFile; fileRef = 24A34EB22C25357C007598B1 /* data.json */; };
		24A34EB62C254AD6007598B1 /* UserService.swift in Sources */ = {isa = PBXBuildFile; fileRef = 24A34EB52C254AD6007598B1 /* UserService.swift */; };
		24B2FC082C27F24B0078A021 /* Country.swift in Sources */ = {isa = PBXBuildFile; fileRef = 24B2FC072C27F24B0078A021 /* Country.swift */; };
		24B2FC0C2C281DFE0078A021 /* PreviewService.swift in Sources */ = {isa = PBXBuildFile; fileRef = 24B2FC0B2C281DFE0078A021 /* PreviewService.swift */; };
		24C602CA2C23328600BD7977 /* User.swift in Sources */ = {isa = PBXBuildFile; fileRef = 24C602C92C23328600BD7977 /* User.swift */; };
		24C602D02C23FE0200BD7977 /* CapsuleButtonStyle.swift in Sources */ = {isa = PBXBuildFile; fileRef = 24C602CF2C23FE0200BD7977 /* CapsuleButtonStyle.swift */; };
		24D918082C2D346400134FF5 /* SearchView.swift in Sources */ = {isa = PBXBuildFile; fileRef = 24D918072C2D346400134FF5 /* SearchView.swift */; };
		24D918112C2E91DE00134FF5 /* CountryRequest.swift in Sources */ = {isa = PBXBuildFile; fileRef = 24D918102C2E91DE00134FF5 /* CountryRequest.swift */; };
		24D918142C2E924300134FF5 /* CountryEndpoint.swift in Sources */ = {isa = PBXBuildFile; fileRef = 24D918132C2E924300134FF5 /* CountryEndpoint.swift */; };
		24D918172C2EC94F00134FF5 /* SearchCountryDTO.swift in Sources */ = {isa = PBXBuildFile; fileRef = 24D918162C2EC94F00134FF5 /* SearchCountryDTO.swift */; };
		24D918192C2F3A5B00134FF5 /* CountryService.swift in Sources */ = {isa = PBXBuildFile; fileRef = 24D918182C2F3A5B00134FF5 /* CountryService.swift */; };
		24DA08842C36A3EC00F69752 /* LookAroundView.swift in Sources */ = {isa = PBXBuildFile; fileRef = 24DA08832C36A3EC00F69752 /* LookAroundView.swift */; };
/* End PBXBuildFile section */

/* Begin PBXFileReference section */
		243E7D172C22278000A68A9C /* FynoTest.app */ = {isa = PBXFileReference; explicitFileType = wrapper.application; includeInIndex = 0; path = FynoTest.app; sourceTree = BUILT_PRODUCTS_DIR; };
		243E7D1A2C22278000A68A9C /* FynoTestApp.swift */ = {isa = PBXFileReference; lastKnownFileType = sourcecode.swift; path = FynoTestApp.swift; sourceTree = "<group>"; };
		243E7D1C2C22278000A68A9C /* ContentView.swift */ = {isa = PBXFileReference; lastKnownFileType = sourcecode.swift; path = ContentView.swift; sourceTree = "<group>"; };
		243E7D1E2C22278100A68A9C /* Assets.xcassets */ = {isa = PBXFileReference; lastKnownFileType = folder.assetcatalog; path = Assets.xcassets; sourceTree = "<group>"; };
		243E7D212C22278100A68A9C /* Preview Assets.xcassets */ = {isa = PBXFileReference; lastKnownFileType = folder.assetcatalog; path = "Preview Assets.xcassets"; sourceTree = "<group>"; };
		243E7D282C222F9000A68A9C /* SheetView.swift */ = {isa = PBXFileReference; lastKnownFileType = sourcecode.swift; path = SheetView.swift; sourceTree = "<group>"; };
		243E7D2A2C2232AA00A68A9C /* ContentModel.swift */ = {isa = PBXFileReference; lastKnownFileType = sourcecode.swift; path = ContentModel.swift; sourceTree = "<group>"; };
		247F7AF92C247B9700ABED68 /* BubbleAnnotationView.swift */ = {isa = PBXFileReference; lastKnownFileType = sourcecode.swift; path = BubbleAnnotationView.swift; sourceTree = "<group>"; };
		249201E82C285CB4000A289D /* SheetView+UserProfile.swift */ = {isa = PBXFileReference; lastKnownFileType = sourcecode.swift; path = "SheetView+UserProfile.swift"; sourceTree = "<group>"; };
		249201EA2C285D40000A289D /* SheetView+Statistics.swift */ = {isa = PBXFileReference; lastKnownFileType = sourcecode.swift; path = "SheetView+Statistics.swift"; sourceTree = "<group>"; };
		249201EC2C293B49000A289D /* SheetView+List.swift */ = {isa = PBXFileReference; lastKnownFileType = sourcecode.swift; path = "SheetView+List.swift"; sourceTree = "<group>"; };
		24A34EB22C25357C007598B1 /* data.json */ = {isa = PBXFileReference; fileEncoding = 4; lastKnownFileType = text.json; path = data.json; sourceTree = "<group>"; };
		24A34EB52C254AD6007598B1 /* UserService.swift */ = {isa = PBXFileReference; lastKnownFileType = sourcecode.swift; path = UserService.swift; sourceTree = "<group>"; };
		24B2FC072C27F24B0078A021 /* Country.swift */ = {isa = PBXFileReference; lastKnownFileType = sourcecode.swift; path = Country.swift; sourceTree = "<group>"; };
		24B2FC0B2C281DFE0078A021 /* PreviewService.swift */ = {isa = PBXFileReference; lastKnownFileType = sourcecode.swift; path = PreviewService.swift; sourceTree = "<group>"; };
		24C602C92C23328600BD7977 /* User.swift */ = {isa = PBXFileReference; lastKnownFileType = sourcecode.swift; path = User.swift; sourceTree = "<group>"; };
		24C602CF2C23FE0200BD7977 /* CapsuleButtonStyle.swift */ = {isa = PBXFileReference; lastKnownFileType = sourcecode.swift; path = CapsuleButtonStyle.swift; sourceTree = "<group>"; };
		24D918072C2D346400134FF5 /* SearchView.swift */ = {isa = PBXFileReference; lastKnownFileType = sourcecode.swift; path = SearchView.swift; sourceTree = "<group>"; };
		24D918102C2E91DE00134FF5 /* CountryRequest.swift */ = {isa = PBXFileReference; lastKnownFileType = sourcecode.swift; path = CountryRequest.swift; sourceTree = "<group>"; };
		24D918132C2E924300134FF5 /* CountryEndpoint.swift */ = {isa = PBXFileReference; lastKnownFileType = sourcecode.swift; path = CountryEndpoint.swift; sourceTree = "<group>"; };
		24D918162C2EC94F00134FF5 /* SearchCountryDTO.swift */ = {isa = PBXFileReference; lastKnownFileType = sourcecode.swift; path = SearchCountryDTO.swift; sourceTree = "<group>"; };
		24D918182C2F3A5B00134FF5 /* CountryService.swift */ = {isa = PBXFileReference; lastKnownFileType = sourcecode.swift; path = CountryService.swift; sourceTree = "<group>"; };
		24DA08832C36A3EC00F69752 /* LookAroundView.swift */ = {isa = PBXFileReference; lastKnownFileType = sourcecode.swift; path = LookAroundView.swift; sourceTree = "<group>"; };
/* End PBXFileReference section */

/* Begin PBXFrameworksBuildPhase section */
		243E7D142C22278000A68A9C /* Frameworks */ = {
			isa = PBXFrameworksBuildPhase;
			buildActionMask = 2147483647;
			files = (
				24397BC72C2B52A400D1F81F /* NetRunner in Frameworks */,
			);
			runOnlyForDeploymentPostprocessing = 0;
		};
/* End PBXFrameworksBuildPhase section */

/* Begin PBXGroup section */
		2422EEE92C283679009B7263 /* SheetView */ = {
			isa = PBXGroup;
			children = (
				243E7D282C222F9000A68A9C /* SheetView.swift */,
				249201EC2C293B49000A289D /* SheetView+List.swift */,
				249201E82C285CB4000A289D /* SheetView+UserProfile.swift */,
				249201EA2C285D40000A289D /* SheetView+Statistics.swift */,
			);
			path = SheetView;
			sourceTree = "<group>";
		};
		24397BC82C2B584000D1F81F /* Networking */ = {
			isa = PBXGroup;
			children = (
				24D918122C2E922C00134FF5 /* Endpoints */,
				24D9180F2C2E91C700134FF5 /* Requests */,
				24397BC92C2B588D00D1F81F /* Models */,
			);
			path = Networking;
			sourceTree = "<group>";
		};
		24397BC92C2B588D00D1F81F /* Models */ = {
			isa = PBXGroup;
			children = (
				24D918152C2EC94000134FF5 /* DTO */,
			);
			path = Models;
			sourceTree = "<group>";
		};
		243E7D0E2C22278000A68A9C = {
			isa = PBXGroup;
			children = (
				243E7D192C22278000A68A9C /* FynoTest */,
				243E7D182C22278000A68A9C /* Products */,
			);
			sourceTree = "<group>";
		};
		243E7D182C22278000A68A9C /* Products */ = {
			isa = PBXGroup;
			children = (
				243E7D172C22278000A68A9C /* FynoTest.app */,
			);
			name = Products;
			sourceTree = "<group>";
		};
		243E7D192C22278000A68A9C /* FynoTest */ = {
			isa = PBXGroup;
			children = (
				24A34EB42C254ABF007598B1 /* Services */,
				24C602CD2C23FDCB00BD7977 /* Views */,
				24C602C82C23327800BD7977 /* Models */,
				243E7D1A2C22278000A68A9C /* FynoTestApp.swift */,
				243E7D1E2C22278100A68A9C /* Assets.xcassets */,
				24A34EB22C25357C007598B1 /* data.json */,
				243E7D202C22278100A68A9C /* Preview Content */,
			);
			path = FynoTest;
			sourceTree = "<group>";
		};
		243E7D202C22278100A68A9C /* Preview Content */ = {
			isa = PBXGroup;
			children = (
				243E7D212C22278100A68A9C /* Preview Assets.xcassets */,
			);
			path = "Preview Content";
			sourceTree = "<group>";
		};
		24A34EB42C254ABF007598B1 /* Services */ = {
			isa = PBXGroup;
			children = (
				24397BC82C2B584000D1F81F /* Networking */,
				24A34EB52C254AD6007598B1 /* UserService.swift */,
				24B2FC0B2C281DFE0078A021 /* PreviewService.swift */,
				24D918182C2F3A5B00134FF5 /* CountryService.swift */,
			);
			path = Services;
			sourceTree = "<group>";
		};
		24A34EB72C25609B007598B1 /* Modifiers */ = {
			isa = PBXGroup;
			children = (
			);
			path = Modifiers;
			sourceTree = "<group>";
		};
		24C602C82C23327800BD7977 /* Models */ = {
			isa = PBXGroup;
			children = (
				24C602C92C23328600BD7977 /* User.swift */,
				24B2FC072C27F24B0078A021 /* Country.swift */,
			);
			path = Models;
			sourceTree = "<group>";
		};
		24C602CD2C23FDCB00BD7977 /* Views */ = {
			isa = PBXGroup;
			children = (
				24D918022C2CC68D00134FF5 /* SearchView */,
				24D918012C2CC62400134FF5 /* ContentView */,
				2422EEE92C283679009B7263 /* SheetView */,
				24A34EB72C25609B007598B1 /* Modifiers */,
				24C602CE2C23FDD700BD7977 /* Buttons */,
				247F7AF92C247B9700ABED68 /* BubbleAnnotationView.swift */,
				24DA08832C36A3EC00F69752 /* LookAroundView.swift */,
			);
			path = Views;
			sourceTree = "<group>";
		};
		24C602CE2C23FDD700BD7977 /* Buttons */ = {
			isa = PBXGroup;
			children = (
				24C602CF2C23FE0200BD7977 /* CapsuleButtonStyle.swift */,
			);
			path = Buttons;
			sourceTree = "<group>";
		};
		24D918012C2CC62400134FF5 /* ContentView */ = {
			isa = PBXGroup;
			children = (
				243E7D2A2C2232AA00A68A9C /* ContentModel.swift */,
				243E7D1C2C22278000A68A9C /* ContentView.swift */,
			);
			path = ContentView;
			sourceTree = "<group>";
		};
		24D918022C2CC68D00134FF5 /* SearchView */ = {
			isa = PBXGroup;
			children = (
				24D918072C2D346400134FF5 /* SearchView.swift */,
			);
			path = SearchView;
			sourceTree = "<group>";
		};
		24D9180F2C2E91C700134FF5 /* Requests */ = {
			isa = PBXGroup;
			children = (
				24D918102C2E91DE00134FF5 /* CountryRequest.swift */,
			);
			path = Requests;
			sourceTree = "<group>";
		};
		24D918122C2E922C00134FF5 /* Endpoints */ = {
			isa = PBXGroup;
			children = (
				24D918132C2E924300134FF5 /* CountryEndpoint.swift */,
			);
			path = Endpoints;
			sourceTree = "<group>";
		};
		24D918152C2EC94000134FF5 /* DTO */ = {
			isa = PBXGroup;
			children = (
				24D918162C2EC94F00134FF5 /* SearchCountryDTO.swift */,
			);
			path = DTO;
			sourceTree = "<group>";
		};
/* End PBXGroup section */

/* Begin PBXNativeTarget section */
		243E7D162C22278000A68A9C /* FynoTest */ = {
			isa = PBXNativeTarget;
			buildConfigurationList = 243E7D252C22278100A68A9C /* Build configuration list for PBXNativeTarget "FynoTest" */;
			buildPhases = (
				243E7D132C22278000A68A9C /* Sources */,
				243E7D142C22278000A68A9C /* Frameworks */,
				243E7D152C22278000A68A9C /* Resources */,
			);
			buildRules = (
			);
			dependencies = (
			);
			name = FynoTest;
			packageProductDependencies = (
				24397BC62C2B52A400D1F81F /* NetRunner */,
			);
			productName = FynoTest;
			productReference = 243E7D172C22278000A68A9C /* FynoTest.app */;
			productType = "com.apple.product-type.application";
		};
/* End PBXNativeTarget section */

/* Begin PBXProject section */
		243E7D0F2C22278000A68A9C /* Project object */ = {
			isa = PBXProject;
			attributes = {
				BuildIndependentTargetsInParallel = 1;
				LastSwiftUpdateCheck = 1540;
				LastUpgradeCheck = 1540;
				TargetAttributes = {
					243E7D162C22278000A68A9C = {
						CreatedOnToolsVersion = 15.4;
					};
				};
			};
			buildConfigurationList = 243E7D122C22278000A68A9C /* Build configuration list for PBXProject "FynoTest" */;
			compatibilityVersion = "Xcode 14.0";
			developmentRegion = en;
			hasScannedForEncodings = 0;
			knownRegions = (
				en,
				Base,
			);
			mainGroup = 243E7D0E2C22278000A68A9C;
			packageReferences = (
				24397BC52C2B52A400D1F81F /* XCRemoteSwiftPackageReference "NetRunner" */,
			);
			productRefGroup = 243E7D182C22278000A68A9C /* Products */;
			projectDirPath = "";
			projectRoot = "";
			targets = (
				243E7D162C22278000A68A9C /* FynoTest */,
			);
		};
/* End PBXProject section */

/* Begin PBXResourcesBuildPhase section */
		243E7D152C22278000A68A9C /* Resources */ = {
			isa = PBXResourcesBuildPhase;
			buildActionMask = 2147483647;
			files = (
				243E7D222C22278100A68A9C /* Preview Assets.xcassets in Resources */,
				243E7D1F2C22278100A68A9C /* Assets.xcassets in Resources */,
				24A34EB32C25357C007598B1 /* data.json in Resources */,
			);
			runOnlyForDeploymentPostprocessing = 0;
		};
/* End PBXResourcesBuildPhase section */

/* Begin PBXSourcesBuildPhase section */
		243E7D132C22278000A68A9C /* Sources */ = {
			isa = PBXSourcesBuildPhase;
			buildActionMask = 2147483647;
			files = (
				24D918112C2E91DE00134FF5 /* CountryRequest.swift in Sources */,
				243E7D2B2C2232AA00A68A9C /* ContentModel.swift in Sources */,
				24B2FC082C27F24B0078A021 /* Country.swift in Sources */,
				24D918172C2EC94F00134FF5 /* SearchCountryDTO.swift in Sources */,
				24C602D02C23FE0200BD7977 /* CapsuleButtonStyle.swift in Sources */,
				247F7AFA2C247B9700ABED68 /* BubbleAnnotationView.swift in Sources */,
				24D918192C2F3A5B00134FF5 /* CountryService.swift in Sources */,
				249201E92C285CB4000A289D /* SheetView+UserProfile.swift in Sources */,
				243E7D1D2C22278000A68A9C /* ContentView.swift in Sources */,
				24A34EB62C254AD6007598B1 /* UserService.swift in Sources */,
				24D918142C2E924300134FF5 /* CountryEndpoint.swift in Sources */,
				249201EB2C285D40000A289D /* SheetView+Statistics.swift in Sources */,
				243E7D292C222F9000A68A9C /* SheetView.swift in Sources */,
				249201ED2C293B49000A289D /* SheetView+List.swift in Sources */,
				24C602CA2C23328600BD7977 /* User.swift in Sources */,
				24D918082C2D346400134FF5 /* SearchView.swift in Sources */,
				24B2FC0C2C281DFE0078A021 /* PreviewService.swift in Sources */,
				24DA08842C36A3EC00F69752 /* LookAroundView.swift in Sources */,
				243E7D1B2C22278000A68A9C /* FynoTestApp.swift in Sources */,
			);
			runOnlyForDeploymentPostprocessing = 0;
		};
/* End PBXSourcesBuildPhase section */

/* Begin XCBuildConfiguration section */
		243E7D232C22278100A68A9C /* Debug */ = {
			isa = XCBuildConfiguration;
			buildSettings = {
				ALWAYS_SEARCH_USER_PATHS = NO;
				ASSETCATALOG_COMPILER_GENERATE_SWIFT_ASSET_SYMBOL_EXTENSIONS = YES;
				CLANG_ANALYZER_NONNULL = YES;
				CLANG_ANALYZER_NUMBER_OBJECT_CONVERSION = YES_AGGRESSIVE;
				CLANG_CXX_LANGUAGE_STANDARD = "gnu++20";
				CLANG_ENABLE_MODULES = YES;
				CLANG_ENABLE_OBJC_ARC = YES;
				CLANG_ENABLE_OBJC_WEAK = YES;
				CLANG_WARN_BLOCK_CAPTURE_AUTORELEASING = YES;
				CLANG_WARN_BOOL_CONVERSION = YES;
				CLANG_WARN_COMMA = YES;
				CLANG_WARN_CONSTANT_CONVERSION = YES;
				CLANG_WARN_DEPRECATED_OBJC_IMPLEMENTATIONS = YES;
				CLANG_WARN_DIRECT_OBJC_ISA_USAGE = YES_ERROR;
				CLANG_WARN_DOCUMENTATION_COMMENTS = YES;
				CLANG_WARN_EMPTY_BODY = YES;
				CLANG_WARN_ENUM_CONVERSION = YES;
				CLANG_WARN_INFINITE_RECURSION = YES;
				CLANG_WARN_INT_CONVERSION = YES;
				CLANG_WARN_NON_LITERAL_NULL_CONVERSION = YES;
				CLANG_WARN_OBJC_IMPLICIT_RETAIN_SELF = YES;
				CLANG_WARN_OBJC_LITERAL_CONVERSION = YES;
				CLANG_WARN_OBJC_ROOT_CLASS = YES_ERROR;
				CLANG_WARN_QUOTED_INCLUDE_IN_FRAMEWORK_HEADER = YES;
				CLANG_WARN_RANGE_LOOP_ANALYSIS = YES;
				CLANG_WARN_STRICT_PROTOTYPES = YES;
				CLANG_WARN_SUSPICIOUS_MOVE = YES;
				CLANG_WARN_UNGUARDED_AVAILABILITY = YES_AGGRESSIVE;
				CLANG_WARN_UNREACHABLE_CODE = YES;
				CLANG_WARN__DUPLICATE_METHOD_MATCH = YES;
				COPY_PHASE_STRIP = NO;
				DEBUG_INFORMATION_FORMAT = dwarf;
				ENABLE_STRICT_OBJC_MSGSEND = YES;
				ENABLE_TESTABILITY = YES;
				ENABLE_USER_SCRIPT_SANDBOXING = YES;
				GCC_C_LANGUAGE_STANDARD = gnu17;
				GCC_DYNAMIC_NO_PIC = NO;
				GCC_NO_COMMON_BLOCKS = YES;
				GCC_OPTIMIZATION_LEVEL = 0;
				GCC_PREPROCESSOR_DEFINITIONS = (
					"DEBUG=1",
					"$(inherited)",
				);
				GCC_WARN_64_TO_32_BIT_CONVERSION = YES;
				GCC_WARN_ABOUT_RETURN_TYPE = YES_ERROR;
				GCC_WARN_UNDECLARED_SELECTOR = YES;
				GCC_WARN_UNINITIALIZED_AUTOS = YES_AGGRESSIVE;
				GCC_WARN_UNUSED_FUNCTION = YES;
				GCC_WARN_UNUSED_VARIABLE = YES;
				IPHONEOS_DEPLOYMENT_TARGET = 17.5;
				LOCALIZATION_PREFERS_STRING_CATALOGS = YES;
				MTL_ENABLE_DEBUG_INFO = INCLUDE_SOURCE;
				MTL_FAST_MATH = YES;
				ONLY_ACTIVE_ARCH = YES;
				SDKROOT = iphoneos;
				SWIFT_ACTIVE_COMPILATION_CONDITIONS = "DEBUG $(inherited)";
				SWIFT_OPTIMIZATION_LEVEL = "-Onone";
			};
			name = Debug;
		};
		243E7D242C22278100A68A9C /* Release */ = {
			isa = XCBuildConfiguration;
			buildSettings = {
				ALWAYS_SEARCH_USER_PATHS = NO;
				ASSETCATALOG_COMPILER_GENERATE_SWIFT_ASSET_SYMBOL_EXTENSIONS = YES;
				CLANG_ANALYZER_NONNULL = YES;
				CLANG_ANALYZER_NUMBER_OBJECT_CONVERSION = YES_AGGRESSIVE;
				CLANG_CXX_LANGUAGE_STANDARD = "gnu++20";
				CLANG_ENABLE_MODULES = YES;
				CLANG_ENABLE_OBJC_ARC = YES;
				CLANG_ENABLE_OBJC_WEAK = YES;
				CLANG_WARN_BLOCK_CAPTURE_AUTORELEASING = YES;
				CLANG_WARN_BOOL_CONVERSION = YES;
				CLANG_WARN_COMMA = YES;
				CLANG_WARN_CONSTANT_CONVERSION = YES;
				CLANG_WARN_DEPRECATED_OBJC_IMPLEMENTATIONS = YES;
				CLANG_WARN_DIRECT_OBJC_ISA_USAGE = YES_ERROR;
				CLANG_WARN_DOCUMENTATION_COMMENTS = YES;
				CLANG_WARN_EMPTY_BODY = YES;
				CLANG_WARN_ENUM_CONVERSION = YES;
				CLANG_WARN_INFINITE_RECURSION = YES;
				CLANG_WARN_INT_CONVERSION = YES;
				CLANG_WARN_NON_LITERAL_NULL_CONVERSION = YES;
				CLANG_WARN_OBJC_IMPLICIT_RETAIN_SELF = YES;
				CLANG_WARN_OBJC_LITERAL_CONVERSION = YES;
				CLANG_WARN_OBJC_ROOT_CLASS = YES_ERROR;
				CLANG_WARN_QUOTED_INCLUDE_IN_FRAMEWORK_HEADER = YES;
				CLANG_WARN_RANGE_LOOP_ANALYSIS = YES;
				CLANG_WARN_STRICT_PROTOTYPES = YES;
				CLANG_WARN_SUSPICIOUS_MOVE = YES;
				CLANG_WARN_UNGUARDED_AVAILABILITY = YES_AGGRESSIVE;
				CLANG_WARN_UNREACHABLE_CODE = YES;
				CLANG_WARN__DUPLICATE_METHOD_MATCH = YES;
				COPY_PHASE_STRIP = NO;
				DEBUG_INFORMATION_FORMAT = "dwarf-with-dsym";
				ENABLE_NS_ASSERTIONS = NO;
				ENABLE_STRICT_OBJC_MSGSEND = YES;
				ENABLE_USER_SCRIPT_SANDBOXING = YES;
				GCC_C_LANGUAGE_STANDARD = gnu17;
				GCC_NO_COMMON_BLOCKS = YES;
				GCC_WARN_64_TO_32_BIT_CONVERSION = YES;
				GCC_WARN_ABOUT_RETURN_TYPE = YES_ERROR;
				GCC_WARN_UNDECLARED_SELECTOR = YES;
				GCC_WARN_UNINITIALIZED_AUTOS = YES_AGGRESSIVE;
				GCC_WARN_UNUSED_FUNCTION = YES;
				GCC_WARN_UNUSED_VARIABLE = YES;
				IPHONEOS_DEPLOYMENT_TARGET = 17.5;
				LOCALIZATION_PREFERS_STRING_CATALOGS = YES;
				MTL_ENABLE_DEBUG_INFO = NO;
				MTL_FAST_MATH = YES;
				SDKROOT = iphoneos;
				SWIFT_COMPILATION_MODE = wholemodule;
				VALIDATE_PRODUCT = YES;
			};
			name = Release;
		};
		243E7D262C22278100A68A9C /* Debug */ = {
			isa = XCBuildConfiguration;
			buildSettings = {
				ASSETCATALOG_COMPILER_APPICON_NAME = AppIcon;
				ASSETCATALOG_COMPILER_GLOBAL_ACCENT_COLOR_NAME = AccentColor;
				CODE_SIGN_STYLE = Automatic;
				CURRENT_PROJECT_VERSION = 1;
				DEVELOPMENT_ASSET_PATHS = "\"FynoTest/Preview Content\"";
				DEVELOPMENT_TEAM = Q8896Y6GNQ;
				ENABLE_PREVIEWS = YES;
				GENERATE_INFOPLIST_FILE = YES;
				INFOPLIST_KEY_UIApplicationSceneManifest_Generation = YES;
				INFOPLIST_KEY_UIApplicationSupportsIndirectInputEvents = YES;
				INFOPLIST_KEY_UILaunchScreen_Generation = YES;
				INFOPLIST_KEY_UISupportedInterfaceOrientations = UIInterfaceOrientationPortrait;
				IPHONEOS_DEPLOYMENT_TARGET = 17.0;
				LD_RUNPATH_SEARCH_PATHS = (
					"$(inherited)",
					"@executable_path/Frameworks",
				);
				MARKETING_VERSION = 1.0;
				PRODUCT_BUNDLE_IDENTIFIER = com.ruslankuksa.FynoTest;
				PRODUCT_NAME = "$(TARGET_NAME)";
				SUPPORTED_PLATFORMS = "iphoneos iphonesimulator";
				SUPPORTS_MACCATALYST = NO;
				SUPPORTS_MAC_DESIGNED_FOR_IPHONE_IPAD = NO;
				SUPPORTS_XR_DESIGNED_FOR_IPHONE_IPAD = NO;
				SWIFT_EMIT_LOC_STRINGS = YES;
				SWIFT_VERSION = 5.0;
				TARGETED_DEVICE_FAMILY = 1;
			};
			name = Debug;
		};
		243E7D272C22278100A68A9C /* Release */ = {
			isa = XCBuildConfiguration;
			buildSettings = {
				ASSETCATALOG_COMPILER_APPICON_NAME = AppIcon;
				ASSETCATALOG_COMPILER_GLOBAL_ACCENT_COLOR_NAME = AccentColor;
				CODE_SIGN_STYLE = Automatic;
				CURRENT_PROJECT_VERSION = 1;
				DEVELOPMENT_ASSET_PATHS = "\"FynoTest/Preview Content\"";
				DEVELOPMENT_TEAM = Q8896Y6GNQ;
				ENABLE_PREVIEWS = YES;
				GENERATE_INFOPLIST_FILE = YES;
				INFOPLIST_KEY_UIApplicationSceneManifest_Generation = YES;
				INFOPLIST_KEY_UIApplicationSupportsIndirectInputEvents = YES;
				INFOPLIST_KEY_UILaunchScreen_Generation = YES;
				INFOPLIST_KEY_UISupportedInterfaceOrientations = UIInterfaceOrientationPortrait;
				IPHONEOS_DEPLOYMENT_TARGET = 17.0;
				LD_RUNPATH_SEARCH_PATHS = (
					"$(inherited)",
					"@executable_path/Frameworks",
				);
				MARKETING_VERSION = 1.0;
				PRODUCT_BUNDLE_IDENTIFIER = com.ruslankuksa.FynoTest;
				PRODUCT_NAME = "$(TARGET_NAME)";
				SUPPORTED_PLATFORMS = "iphoneos iphonesimulator";
				SUPPORTS_MACCATALYST = NO;
				SUPPORTS_MAC_DESIGNED_FOR_IPHONE_IPAD = NO;
				SUPPORTS_XR_DESIGNED_FOR_IPHONE_IPAD = NO;
				SWIFT_EMIT_LOC_STRINGS = YES;
				SWIFT_VERSION = 5.0;
				TARGETED_DEVICE_FAMILY = 1;
			};
			name = Release;
		};
/* End XCBuildConfiguration section */

/* Begin XCConfigurationList section */
		243E7D122C22278000A68A9C /* Build configuration list for PBXProject "FynoTest" */ = {
			isa = XCConfigurationList;
			buildConfigurations = (
				243E7D232C22278100A68A9C /* Debug */,
				243E7D242C22278100A68A9C /* Release */,
			);
			defaultConfigurationIsVisible = 0;
			defaultConfigurationName = Release;
		};
		243E7D252C22278100A68A9C /* Build configuration list for PBXNativeTarget "FynoTest" */ = {
			isa = XCConfigurationList;
			buildConfigurations = (
				243E7D262C22278100A68A9C /* Debug */,
				243E7D272C22278100A68A9C /* Release */,
			);
			defaultConfigurationIsVisible = 0;
			defaultConfigurationName = Release;
		};
/* End XCConfigurationList section */

/* Begin XCRemoteSwiftPackageReference section */
		24397BC52C2B52A400D1F81F /* XCRemoteSwiftPackageReference "NetRunner" */ = {
			isa = XCRemoteSwiftPackageReference;
			repositoryURL = "https://github.com/ruslankuksa/NetRunner";
			requirement = {
				branch = main;
				kind = branch;
			};
		};
/* End XCRemoteSwiftPackageReference section */

/* Begin XCSwiftPackageProductDependency section */
		24397BC62C2B52A400D1F81F /* NetRunner */ = {
			isa = XCSwiftPackageProductDependency;
			package = 24397BC52C2B52A400D1F81F /* XCRemoteSwiftPackageReference "NetRunner" */;
			productName = NetRunner;
		};
/* End XCSwiftPackageProductDependency section */
	};
	rootObject = 243E7D0F2C22278000A68A9C /* Project object */;
}
